{
  "nodes": {
    "blank": {
      "locked": {
        "lastModified": 1625557891,
        "narHash": "sha256-O8/MWsPBGhhyPoPLHZAuoZiiHo9q6FLlEeIDEXuj6T4=",
        "owner": "divnix",
        "repo": "blank",
        "rev": "5a5d2684073d9f563072ed07c871d577a6c614a8",
        "type": "github"
      },
      "original": {
        "owner": "divnix",
        "repo": "blank",
        "type": "github"
      }
    },
    "cachix": {
      "locked": {
        "lastModified": 1652881001,
        "narHash": "sha256-k9JmPCojaJnqGz4aRXXT1HZqJKHCXijoMfBAb24abXk=",
        "owner": "nixos",
        "repo": "nixpkgs",
        "rev": "2d474d6a4a43a0348b78db68dc00c491032cf5cf",
        "type": "github"
      },
      "original": {
        "owner": "nixos",
        "ref": "nixos-21.11",
        "repo": "nixpkgs",
        "type": "github"
      }
    },
    "deploy-rs": {
      "inputs": {
        "flake-compat": "flake-compat",
        "nixpkgs": [
          "nixpkgs"
        ],
        "utils": [
          "flake-utils"
        ]
      },
      "locked": {
        "lastModified": 1632822684,
        "narHash": "sha256-lt7eayYmgsD5OQwpb1XYfHpxttn43bWo7G7hIJs+zJw=",
        "owner": "serokell",
        "repo": "deploy-rs",
        "rev": "9a02de4373e0ec272d08a417b269a28ac8b961b4",
        "type": "github"
      },
      "original": {
        "owner": "serokell",
        "repo": "deploy-rs",
        "type": "github"
      }
    },
    "devshell": {
      "locked": {
        "lastModified": 1637575296,
        "narHash": "sha256-ZY8YR5u8aglZPe27+AJMnPTG6645WuavB+w0xmhTarw=",
        "owner": "numtide",
        "repo": "devshell",
        "rev": "0e56ef21ba1a717169953122c7415fa6a8cd2618",
        "type": "github"
      },
      "original": {
        "owner": "numtide",
        "repo": "devshell",
        "type": "github"
      }
    },
    "digga": {
      "inputs": {
        "blank": "blank",
        "deploy": [
          "deploy-rs"
        ],
        "devshell": "devshell",
        "flake-utils": [
          "flake-utils"
        ],
        "flake-utils-plus": "flake-utils-plus",
        "home-manager": [
          "home-manager"
        ],
        "latest": "latest",
        "nixlib": [
          "digga",
          "nixpkgs"
        ],
        "nixos-generators": "nixos-generators",
        "nixpkgs": [
          "nixpkgs"
        ]
      },
      "locked": {
        "lastModified": 1641574422,
        "narHash": "sha256-Xqv1S59sClwoTcCLGOTtA1voSaHYmrseV3cc8FddF/A=",
        "owner": "divnix",
        "repo": "digga",
        "rev": "fca1df3dcdb78531772baf801b79e01489280864",
        "type": "github"
      },
      "original": {
        "owner": "divnix",
        "repo": "digga",
        "type": "github"
      }
    },
    "doom-emacs": {
      "flake": false,
      "locked": {
        "lastModified": 1654347726,
        "narHash": "sha256-B4N+UQ0SvnCH0Hqc62Wl1KS6WcTBGLag0BoH3UZGbgo=",
        "owner": "doomemacs",
        "repo": "doomemacs",
        "rev": "bea3cc161c0a803dcf574f32ee555dccf565a5ce",
        "type": "github"
      },
      "original": {
        "owner": "doomemacs",
        "ref": "master",
        "repo": "doomemacs",
        "type": "github"
      }
    },
    "doom-emacs_2": {
      "flake": false,
      "locked": {
        "lastModified": 1654347726,
        "narHash": "sha256-B4N+UQ0SvnCH0Hqc62Wl1KS6WcTBGLag0BoH3UZGbgo=",
        "owner": "doomemacs",
        "repo": "doomemacs",
        "rev": "bea3cc161c0a803dcf574f32ee555dccf565a5ce",
        "type": "github"
      },
      "original": {
        "owner": "doomemacs",
        "ref": "master",
        "repo": "doomemacs",
        "type": "github"
      }
    },
    "doom-snippets": {
      "flake": false,
      "locked": {
        "lastModified": 1651768501,
        "narHash": "sha256-55mHNFfn3N8k4aWgswX9buATsOhQTJ0L05UaUNNMgDg=",
        "owner": "doomemacs",
        "repo": "snippets",
        "rev": "f74b11b1e0fe8481e20f3065e355efe627e635de",
        "type": "github"
      },
      "original": {
        "owner": "doomemacs",
        "repo": "snippets",
        "type": "github"
      }
    },
    "emacs-overlay": {
      "flake": false,
      "locked": {
        "lastModified": 1655377787,
        "narHash": "sha256-NnQNc8lAo30zXVQ2vX/WBxktKxR6CdsuaA4cV2AhgvI=",
        "owner": "nix-community",
        "repo": "emacs-overlay",
        "rev": "e53bba119c56cb4983c84f41b24b8fc01a01b188",
        "type": "github"
      },
      "original": {
        "owner": "nix-community",
        "repo": "emacs-overlay",
        "type": "github"
      }
    },
    "emacs-overlay_2": {
      "flake": false,
      "locked": {
        "lastModified": 1655032304,
        "narHash": "sha256-t0E7c7V+hk6ILXl4+TBLqQfqq8/4IKyb/cFg0a8mqI8=",
        "owner": "nix-community",
        "repo": "emacs-overlay",
        "rev": "a73897fc387a83c8dd2142ed597041113954ec23",
        "type": "github"
      },
      "original": {
        "owner": "nix-community",
        "repo": "emacs-overlay",
        "type": "github"
      }
    },
    "emacs-so-long": {
      "flake": false,
      "locked": {
        "lastModified": 1575031854,
        "narHash": "sha256-xIa5zO0ZaToDrec1OFjBK6l39AbA4l/CE4LInVu2hi0=",
        "owner": "hlissner",
        "repo": "emacs-so-long",
        "rev": "ed666b0716f60e8988c455804de24b55919e71ca",
        "type": "github"
      },
      "original": {
        "owner": "hlissner",
        "repo": "emacs-so-long",
        "type": "github"
      }
    },
    "evil-markdown": {
      "flake": false,
      "locked": {
        "lastModified": 1626852210,
        "narHash": "sha256-HBBuZ1VWIn6kwK5CtGIvHM1+9eiNiKPH0GUsyvpUVN8=",
        "owner": "Somelauw",
        "repo": "evil-markdown",
        "rev": "8e6cc68af83914b2fa9fd3a3b8472573dbcef477",
        "type": "github"
      },
      "original": {
        "owner": "Somelauw",
        "repo": "evil-markdown",
        "type": "github"
      }
    },
    "evil-org-mode": {
      "flake": false,
      "locked": {
        "lastModified": 1607203864,
        "narHash": "sha256-JxwqVYDN6OIJEH15MVI6XOZAPtUWUhJQWHyzcrUvrFg=",
        "owner": "hlissner",
        "repo": "evil-org-mode",
        "rev": "a9706da260c45b98601bcd72b1d2c0a24a017700",
        "type": "github"
      },
      "original": {
        "owner": "hlissner",
        "repo": "evil-org-mode",
        "type": "github"
      }
    },
    "evil-quick-diff": {
      "flake": false,
      "locked": {
        "lastModified": 1575189609,
        "narHash": "sha256-oGzl1ayW9rIuq0haoiFS7RZsS8NFMdEA7K1BSozgnJU=",
        "owner": "rgrinberg",
        "repo": "evil-quick-diff",
        "rev": "69c883720b30a892c63bc89f49d4f0e8b8028908",
        "type": "github"
      },
      "original": {
        "owner": "rgrinberg",
        "repo": "evil-quick-diff",
        "type": "github"
      }
    },
    "explain-pause-mode": {
      "flake": false,
      "locked": {
        "lastModified": 1595842060,
        "narHash": "sha256-++znrjiDSx+cy4okFBBXUBkRFdtnE2x+trkmqjB3Njs=",
        "owner": "lastquestion",
        "repo": "explain-pause-mode",
        "rev": "2356c8c3639cbeeb9751744dbe737267849b4b51",
        "type": "github"
      },
      "original": {
        "owner": "lastquestion",
        "repo": "explain-pause-mode",
        "type": "github"
      }
    },
    "flake-compat": {
      "flake": false,
      "locked": {
        "lastModified": 1627913399,
        "narHash": "sha256-hY8g6H2KFL8ownSiFeMOjwPC8P0ueXpCVEbxgda3pko=",
        "owner": "edolstra",
        "repo": "flake-compat",
        "rev": "12c64ca55c1014cdc1b16ed5a804aa8576601ff2",
        "type": "github"
      },
      "original": {
        "owner": "edolstra",
        "repo": "flake-compat",
        "type": "github"
      }
    },
    "flake-compat_2": {
      "flake": false,
      "locked": {
        "lastModified": 1650374568,
        "narHash": "sha256-Z+s0J8/r907g149rllvwhb4pKi8Wam5ij0st8PwAh+E=",
        "owner": "edolstra",
        "repo": "flake-compat",
        "rev": "b4a34015c698c7793d592d66adbab377907a2be8",
        "type": "github"
      },
      "original": {
        "owner": "edolstra",
        "repo": "flake-compat",
        "type": "github"
      }
    },
    "flake-utils": {
      "locked": {
        "lastModified": 1638122382,
        "narHash": "sha256-sQzZzAbvKEqN9s0bzWuYmRaA03v40gaJ4+iL1LXjaeI=",
        "owner": "numtide",
        "repo": "flake-utils",
        "rev": "74f7e4319258e287b0f9cb95426c9853b282730b",
        "type": "github"
      },
      "original": {
        "owner": "numtide",
        "repo": "flake-utils",
        "type": "github"
      }
    },
    "flake-utils-plus": {
      "inputs": {
        "flake-utils": [
          "digga",
          "flake-utils"
        ]
      },
      "locked": {
        "lastModified": 1638994888,
        "narHash": "sha256-iz/ynGNZlvqKCOnFrEKqGA+BVKGQMG+g2JT+e3OOLN8=",
        "owner": "divnix",
        "repo": "flake-utils-plus",
        "rev": "b4f9f517574cb7bd6ee3f19c72c19634c9f536e1",
        "type": "github"
      },
      "original": {
        "owner": "divnix",
        "repo": "flake-utils-plus",
        "type": "github"
      }
    },
    "flake-utils_2": {
      "locked": {
        "lastModified": 1652776076,
        "narHash": "sha256-gzTw/v1vj4dOVbpBSJX4J0DwUR6LIyXo7/SuuTJp1kM=",
        "owner": "numtide",
        "repo": "flake-utils",
        "rev": "04c1b180862888302ddfb2e3ad9eaa63afc60cf8",
        "type": "github"
      },
      "original": {
        "owner": "numtide",
        "repo": "flake-utils",
        "type": "github"
      }
    },
    "format-all": {
      "flake": false,
      "locked": {
        "lastModified": 1581716637,
        "narHash": "sha256-ul7LCe60W8TIvUmUtZtZRo8489TK9iTPDsLHmzxY57M=",
        "owner": "lassik",
        "repo": "emacs-format-all-the-code",
        "rev": "47d862d40a088ca089c92cd393c6dca4628f87d3",
        "type": "github"
      },
      "original": {
        "owner": "lassik",
        "repo": "emacs-format-all-the-code",
        "rev": "47d862d40a088ca089c92cd393c6dca4628f87d3",
        "type": "github"
      }
    },
    "gurk-source": {
      "flake": false,
      "locked": {
        "lastModified": 1644531420,
        "narHash": "sha256-XgPToGbtKzvhAxN0vQiV9wO8MrJmO3Wg4eUYHgaLWLg=",
        "owner": "boxdot",
        "repo": "gurk-rs",
        "rev": "f89dbf69d26847c6c91b27a9e75b2381fb2b18c6",
        "type": "github"
      },
      "original": {
        "owner": "boxdot",
        "repo": "gurk-rs",
        "type": "github"
      }
    },
    "home-manager": {
      "inputs": {
        "nixpkgs": [
          "nixpkgs"
        ]
      },
      "locked": {
        "lastModified": 1653518057,
        "narHash": "sha256-cam3Nfae5ADeEs6mRPzr0jXB7+DhyMIXz0/0Q13r/yk=",
        "owner": "nix-community",
        "repo": "home-manager",
        "rev": "64831f938bd413cefde0b0cf871febc494afaa4f",
        "type": "github"
      },
      "original": {
        "owner": "nix-community",
        "repo": "home-manager",
        "type": "github"
      }
    },
    "impermanence": {
      "locked": {
        "lastModified": 1637278200,
        "narHash": "sha256-nwPBJpjHU8J0hhZ6l4Ytvi3qhcxXJVy4jOWurmzSv3A=",
        "owner": "nix-community",
        "repo": "impermanence",
        "rev": "0616c64b0ebcf08cc74db7820e74b807274246f6",
        "type": "github"
      },
      "original": {
        "owner": "nix-community",
        "repo": "impermanence",
        "type": "github"
      }
    },
    "latest": {
      "locked": {
        "lastModified": 1638198142,
        "narHash": "sha256-plU9b8r4St6q4U7VHtG9V7oF8k9fIpfXl/KDaZLuY9k=",
        "owner": "nixos",
        "repo": "nixpkgs",
        "rev": "8a308775674e178495767df90c419425474582a1",
        "type": "github"
      },
      "original": {
        "owner": "nixos",
        "ref": "nixos-unstable",
        "repo": "nixpkgs",
        "type": "github"
      }
    },
    "lib-aggregate": {
      "inputs": {
        "flake-utils": "flake-utils_2",
        "nixpkgs-lib": "nixpkgs-lib"
      },
      "locked": {
        "lastModified": 1652789450,
        "narHash": "sha256-R7T3+YrQOvljHlZ/keCUN0EzTLOzpRv48YkBi9ZdQUI=",
        "owner": "nix-community",
        "repo": "lib-aggregate",
        "rev": "c545346bf708ae7c1330b84dadd06f8610864deb",
        "type": "github"
      },
      "original": {
        "owner": "nix-community",
        "repo": "lib-aggregate",
        "type": "github"
      }
    },
    "libsailfishapp-source": {
      "flake": false,
      "locked": {
        "lastModified": 1635506244,
        "narHash": "sha256-l8t0GAg6JyCXo70q3LZu9ERnCjCj0jDnghrGQVElGHQ=",
        "owner": "sailfishos",
        "repo": "libsailfishapp",
        "rev": "6336261392cbd55bdca41ee1c3f7ba424ce6a01f",
        "type": "github"
      },
      "original": {
        "owner": "sailfishos",
        "ref": "1.2.13",
        "repo": "libsailfishapp",
        "type": "github"
      }
    },
    "mapplauncherd-qt-source": {
      "flake": false,
      "locked": {
        "lastModified": 1428425750,
        "narHash": "sha256-94PUnmwqbq8KjMQRyuo+6Y172xvpK+8HO0x+tE8hX/g=",
        "owner": "sailfishos",
        "repo": "mapplauncherd-qt",
        "rev": "8c2d34f64c7e21bcf394e937e71361da51e6077c",
        "type": "github"
      },
      "original": {
        "owner": "sailfishos",
        "repo": "mapplauncherd-qt",
        "type": "github"
      }
    },
    "mlite-source": {
      "flake": false,
      "locked": {
        "lastModified": 1639133297,
        "narHash": "sha256-xQeP8VvnLlQa8rVrea+m/EpP6PkExjIb8gZwl4I8Btk=",
        "owner": "sailfishos",
        "repo": "mlite",
        "rev": "e3e9ccac8a94fd4bef55915b0dc844001bc02ff7",
        "type": "github"
      },
      "original": {
        "owner": "sailfishos",
        "ref": "0.4.0",
        "repo": "mlite",
        "type": "github"
      }
    },
    "naersk": {
      "inputs": {
        "nixpkgs": [
          "whisperfish-nix",
          "nixpkgs"
        ]
      },
      "locked": {
        "lastModified": 1646504221,
        "narHash": "sha256-OnSbdeni1SFPb7BCZQbAVCRJ/B2HZXB110gPXd5PzvQ=",
        "owner": "avnik",
        "repo": "naersk",
        "rev": "735cda3522f4427b6dfe12d2f36f4bc99e9ba25f",
        "type": "github"
      },
      "original": {
        "owner": "avnik",
        "ref": "able-to-build-whisperfish",
        "repo": "naersk",
        "type": "github"
      }
    },
    "nix-direnv": {
      "flake": false,
      "locked": {
        "lastModified": 1637564511,
        "narHash": "sha256-9/fhv4yT1fah/SHuXq7jnQQ+QyQWjuTERgDNpKWtQxU=",
        "owner": "nix-community",
        "repo": "nix-direnv",
        "rev": "69bec056fb036ff526184a995f07ee7b3f0abf0b",
        "type": "github"
      },
      "original": {
        "owner": "nix-community",
        "repo": "nix-direnv",
        "type": "github"
      }
    },
    "nix-doom-emacs": {
      "inputs": {
        "doom-emacs": "doom-emacs_2",
        "doom-snippets": "doom-snippets",
        "emacs-overlay": "emacs-overlay_2",
        "emacs-so-long": "emacs-so-long",
        "evil-markdown": "evil-markdown",
        "evil-org-mode": "evil-org-mode",
        "evil-quick-diff": "evil-quick-diff",
        "explain-pause-mode": "explain-pause-mode",
        "flake-utils": [
          "flake-utils"
        ],
        "format-all": "format-all",
        "nix-straight": "nix-straight",
        "nixpkgs": [
          "nixpkgs"
        ],
        "nose": "nose",
        "ob-racket": "ob-racket",
        "org": "org",
        "org-contrib": "org-contrib",
        "org-yt": "org-yt",
        "php-extras": "php-extras",
        "revealjs": "revealjs",
        "rotate-text": "rotate-text"
      },
      "locked": {
        "lastModified": 1655058854,
        "narHash": "sha256-q69pc4pQrFW4smr/rbqFLauanvdLgC9gduBm1Cd5148=",
        "owner": "nix-community",
        "repo": "nix-doom-emacs",
        "rev": "ba55ef6f304969dba4e6db00098a6327d3f76813",
        "type": "github"
      },
      "original": {
        "owner": "nix-community",
        "ref": "master",
        "repo": "nix-doom-emacs",
        "type": "github"
      }
    },
    "nix-straight": {
      "flake": false,
      "locked": {
        "lastModified": 1643475817,
        "narHash": "sha256-NpExq5nbPbj/ppkBX3SnETEJuOne1MKJxen8vVHsDFg=",
        "owner": "nix-community",
        "repo": "nix-straight.el",
        "rev": "08d75e5651cb52f8a07e03408ed19e04bee07505",
        "type": "github"
      },
      "original": {
        "owner": "nix-community",
        "repo": "nix-straight.el",
        "type": "github"
      }
    },
    "nixos-generators": {
      "inputs": {
        "nixlib": [
          "digga",
          "nixlib"
        ],
        "nixpkgs": [
          "digga",
          "blank"
        ]
      },
      "locked": {
        "lastModified": 1637655461,
        "narHash": "sha256-kXZPbclN3gKwjhp2/RYFDFpAsSBwzX1iLF4EcnHZsPQ=",
        "owner": "nix-community",
        "repo": "nixos-generators",
        "rev": "05a3eb158a9c7746a5d463726d7f7cccf07500e4",
        "type": "github"
      },
      "original": {
        "owner": "nix-community",
        "repo": "nixos-generators",
        "type": "github"
      }
    },
    "nixpkgs": {
      "locked": {
        "lastModified": 1653388955,
        "narHash": "sha256-U6xE5ao6A/KsrWzlUGSiNyzZjP6IsBWdC2N6OGA7AKM=",
        "type": "git",
        "url": "file:///home/avn/nixos/nixpkgs"
      },
      "original": {
        "type": "git",
        "url": "file:///home/avn/nixos/nixpkgs"
      }
    },
    "nixpkgs-lib": {
      "locked": {
        "lastModified": 1652576347,
        "narHash": "sha256-52Wu7hkcIRcS4UenSSrt01J2sAbbQ6YqxZIDpuEPL/c=",
        "owner": "nix-community",
        "repo": "nixpkgs.lib",
        "rev": "bdf553800c9c34ed00641785b02038f67f44d671",
        "type": "github"
      },
      "original": {
        "owner": "nix-community",
        "repo": "nixpkgs.lib",
        "type": "github"
      }
    },
    "nixpkgs-stable": {
      "locked": {
        "lastModified": 1645214395,
        "narHash": "sha256-L1M+VtGoXvtzIoXXDc44n5p+2DSSF2JXk1UByi+qHss=",
        "owner": "NixOS",
        "repo": "nixpkgs",
        "rev": "781558ee08c160182d96040d7bc9aaa1e23eb1a7",
        "type": "github"
      },
      "original": {
        "owner": "NixOS",
        "ref": "release-21.11",
        "repo": "nixpkgs",
        "type": "github"
      }
    },
    "nixpkgs-wayland": {
      "inputs": {
        "cachix": "cachix",
        "flake-compat": "flake-compat_2",
        "lib-aggregate": "lib-aggregate",
        "nixpkgs": [
          "nixpkgs"
        ]
      },
      "locked": {
        "lastModified": 1652989507,
        "narHash": "sha256-RUolbghaSt7IdtqOgWYHJHA0h9FofxEktordsnrv4i8=",
        "owner": "colemickens",
        "repo": "nixpkgs-wayland",
        "rev": "13b01f928d184a4c2ed32ab961d1bf7cb1a9e323",
        "type": "github"
      },
      "original": {
        "owner": "colemickens",
        "repo": "nixpkgs-wayland",
        "type": "github"
      }
    },
    "nose": {
      "flake": false,
      "locked": {
        "lastModified": 1400604510,
        "narHash": "sha256-daEi8Kta1oGaDEmUUDDQMahTTPOpvNpDKk22rlr7cB0=",
        "owner": "emacsattic",
        "repo": "nose",
        "rev": "f8528297519eba911696c4e68fa88892de9a7b72",
        "type": "github"
      },
      "original": {
        "owner": "emacsattic",
        "repo": "nose",
        "type": "github"
      }
    },
    "ob-racket": {
      "flake": false,
      "locked": {
        "lastModified": 1584656173,
        "narHash": "sha256-rBUYDDCXb+3D4xTPQo9UocbTPZ32kWV1Uya/1DmZknU=",
        "owner": "xchrishawk",
        "repo": "ob-racket",
        "rev": "83457ec9e1e96a29fd2086ed19432b9d75787673",
        "type": "github"
      },
      "original": {
        "owner": "xchrishawk",
        "repo": "ob-racket",
        "type": "github"
      }
    },
    "org": {
      "flake": false,
      "locked": {
        "lastModified": 1654949849,
        "narHash": "sha256-1xGPQv2rFF4KglqwjKz+1uzB81nqa+6lgXPpnU3mduE=",
        "owner": "emacs-straight",
        "repo": "org-mode",
        "rev": "ed6f8dc67f5f1abf6b20929bdb571def2c191006",
        "type": "github"
      },
      "original": {
        "owner": "emacs-straight",
        "repo": "org-mode",
        "type": "github"
      }
    },
    "org-contrib": {
      "flake": false,
      "locked": {
        "lastModified": 1654411077,
        "narHash": "sha256-ywXAI+s+D701PvuDEQljDmFWrTPymqustSYVyf3NYRk=",
        "ref": "refs/heads/master",
        "rev": "c6aef31ccfc7c4418c3b51e98f7c3bd8e255f5e6",
        "revCount": 2622,
        "type": "git",
        "url": "https://git.sr.ht/~bzg/org-contrib"
      },
      "original": {
        "type": "git",
        "url": "https://git.sr.ht/~bzg/org-contrib"
      }
    },
    "org-yt": {
      "flake": false,
      "locked": {
        "lastModified": 1527381913,
        "narHash": "sha256-dzQ6B7ryzatHCTLyEnRSbWO0VUiX/FHYnpHTs74aVUs=",
        "owner": "TobiasZawada",
        "repo": "org-yt",
        "rev": "40cc1ac76d741055cbefa13860d9f070a7ade001",
        "type": "github"
      },
      "original": {
        "owner": "TobiasZawada",
        "repo": "org-yt",
        "type": "github"
      }
    },
    "php-extras": {
      "flake": false,
      "locked": {
        "lastModified": 1573312690,
        "narHash": "sha256-r4WyVbzvT0ra4Z6JywNBOw5RxOEYd6Qe2IpebHXkj1U=",
        "owner": "arnested",
        "repo": "php-extras",
        "rev": "d410c5af663c30c01d461ac476d1cbfbacb49367",
        "type": "github"
      },
      "original": {
        "owner": "arnested",
        "repo": "php-extras",
        "type": "github"
      }
    },
    "revealjs": {
      "flake": false,
      "locked": {
        "lastModified": 1653993278,
        "narHash": "sha256-X43lsjoLBWmttIKj9Jzut0UP0dZlsue3fYbJ3++ojbU=",
        "owner": "hakimel",
        "repo": "reveal.js",
        "rev": "039972c730690af7a83a5cb832056a7cc8b565d7",
        "type": "github"
      },
      "original": {
        "owner": "hakimel",
        "repo": "reveal.js",
        "type": "github"
      }
    },
    "root": {
      "inputs": {
        "deploy-rs": "deploy-rs",
        "digga": "digga",
        "doom-emacs": "doom-emacs",
        "emacs-overlay": "emacs-overlay",
        "flake-utils": "flake-utils",
        "home-manager": "home-manager",
        "impermanence": "impermanence",
        "nix-direnv": "nix-direnv",
        "nix-doom-emacs": "nix-doom-emacs",
        "nixpkgs": "nixpkgs",
        "nixpkgs-stable": "nixpkgs-stable",
        "nixpkgs-wayland": "nixpkgs-wayland",
        "secrets": "secrets",
        "sops-nix": "sops-nix",
        "whisperfish-nix": "whisperfish-nix"
      }
    },
    "rotate-text": {
      "flake": false,
      "locked": {
        "lastModified": 1322962747,
        "narHash": "sha256-SOeOgSlcEIsKhUiYDJv0p+mLUb420s9E2BmvZQvZ0wk=",
        "owner": "debug-ito",
        "repo": "rotate-text.el",
        "rev": "48f193697db996855aee1ad2bc99b38c6646fe76",
        "type": "github"
      },
      "original": {
        "owner": "debug-ito",
        "repo": "rotate-text.el",
        "type": "github"
      }
    },
    "secrets": {
      "inputs": {
        "digga": [
          "digga"
        ],
        "home": [
          "home-manager"
        ],
        "nixpkgs": [
          "nixpkgs"
        ]
      },
      "locked": {
        "narHash": "sha256-0HpFzTX8y4jZc9f6v9Qb173wWbiKDNwKbgPTfYUwV2k=",
        "path": "/home/avn/nixos/secrets",
        "type": "path"
      },
      "original": {
        "path": "/home/avn/nixos/secrets",
        "type": "path"
      }
    },
    "sops-nix": {
      "inputs": {
        "nixpkgs": [
          "nixpkgs"
        ]
      },
      "locked": {
        "lastModified": 1638188662,
        "narHash": "sha256-heLEbhH3W3GrtYDwacghCiO3g94QkJLW0LhErMWbT2g=",
        "owner": "Mic92",
        "repo": "sops-nix",
        "rev": "0e0dcc74bae23c7ef7fb6251c43c277b827e8c34",
        "type": "github"
      },
      "original": {
        "owner": "Mic92",
        "repo": "sops-nix",
        "type": "github"
      }
    },
    "whisperfish-nix": {
      "inputs": {
        "flake-utils": [
          "flake-utils"
        ],
        "gurk-source": "gurk-source",
        "libsailfishapp-source": "libsailfishapp-source",
        "mapplauncherd-qt-source": "mapplauncherd-qt-source",
        "mlite-source": "mlite-source",
        "naersk": "naersk",
        "nixpkgs": [
          "nixpkgs"
        ],
        "whisperfish-source": "whisperfish-source"
      },
      "locked": {
        "narHash": "sha256-nCm+Us1wuo1HBzs7UKQ/Iq2NL1OVyhpenCB8AQLk66U=",
        "path": "/home/avn/nixos/whisperfish-nix",
        "type": "path"
      },
      "original": {
        "path": "/home/avn/nixos/whisperfish-nix",
        "type": "path"
      }
    },
    "whisperfish-source": {
      "flake": false,
      "locked": {
        "lastModified": 1646480180,
        "narHash": "sha256-CSyQgcSvOrwshZpi9vzHmMgNixUbBKWpE8hOwAmDMyQ=",
        "ref": "master",
        "rev": "36024353a9ddd01b3b2ec4ebca936a0cccbdd9e1",
        "revCount": 2171,
        "type": "git",
        "url": "ssh://git@gitlab.com/whisperfish/whisperfish.git"
      },
      "original": {
        "type": "git",
        "url": "ssh://git@gitlab.com/whisperfish/whisperfish.git"
      }
    }
  },
  "root": "root",
  "version": 7
}
