{
  "nodes": {
    "blank": {
      "locked": {
        "lastModified": 1625557891,
        "narHash": "sha256-O8/MWsPBGhhyPoPLHZAuoZiiHo9q6FLlEeIDEXuj6T4=",
        "owner": "divnix",
        "repo": "blank",
        "rev": "5a5d2684073d9f563072ed07c871d577a6c614a8",
        "type": "github"
      },
      "original": {
        "owner": "divnix",
        "repo": "blank",
        "type": "github"
      }
    },
    "cachix": {
      "locked": {
        "lastModified": 1645296114,
        "narHash": "sha256-y53N7TyIkXsjMpOG7RhvqJFGDacLs9HlyHeSTBioqYU=",
        "owner": "nixos",
        "repo": "nixpkgs",
        "rev": "530a53dcbc9437363471167a5e4762c5fcfa34a1",
        "type": "github"
      },
      "original": {
        "owner": "nixos",
        "ref": "nixos-21.05",
        "repo": "nixpkgs",
        "type": "github"
      }
    },
    "deploy-rs": {
      "inputs": {
        "flake-compat": "flake-compat",
        "nixpkgs": [
          "nixpkgs"
        ],
        "utils": [
          "flake-utils"
        ]
      },
      "locked": {
        "lastModified": 1632822684,
        "narHash": "sha256-lt7eayYmgsD5OQwpb1XYfHpxttn43bWo7G7hIJs+zJw=",
        "owner": "serokell",
        "repo": "deploy-rs",
        "rev": "9a02de4373e0ec272d08a417b269a28ac8b961b4",
        "type": "github"
      },
      "original": {
        "owner": "serokell",
        "repo": "deploy-rs",
        "type": "github"
      }
    },
    "devshell": {
      "locked": {
        "lastModified": 1637575296,
        "narHash": "sha256-ZY8YR5u8aglZPe27+AJMnPTG6645WuavB+w0xmhTarw=",
        "owner": "numtide",
        "repo": "devshell",
        "rev": "0e56ef21ba1a717169953122c7415fa6a8cd2618",
        "type": "github"
      },
      "original": {
        "owner": "numtide",
        "repo": "devshell",
        "type": "github"
      }
    },
    "digga": {
      "inputs": {
        "blank": "blank",
        "deploy": [
          "deploy-rs"
        ],
        "devshell": "devshell",
        "flake-utils": [
          "flake-utils"
        ],
        "flake-utils-plus": "flake-utils-plus",
        "home-manager": [
          "home-manager"
        ],
        "latest": "latest",
        "nixlib": [
          "digga",
          "nixpkgs"
        ],
        "nixos-generators": "nixos-generators",
        "nixpkgs": [
          "nixpkgs"
        ]
      },
      "locked": {
        "lastModified": 1641574422,
        "narHash": "sha256-Xqv1S59sClwoTcCLGOTtA1voSaHYmrseV3cc8FddF/A=",
        "owner": "divnix",
        "repo": "digga",
        "rev": "fca1df3dcdb78531772baf801b79e01489280864",
        "type": "github"
      },
      "original": {
        "owner": "divnix",
        "repo": "digga",
        "type": "github"
      }
    },
    "doom-emacs": {
      "flake": false,
      "locked": {
        "lastModified": 1650255052,
        "narHash": "sha256-2UvJk2UluFG31UQXc2qv4sSDuzG/jC3XIwElrgBNcLM=",
        "owner": "hlissner",
        "repo": "doom-emacs",
        "rev": "b688df5c3e39d3f17b4921f15f71b91d53055333",
        "type": "github"
      },
      "original": {
        "owner": "hlissner",
        "ref": "master",
        "repo": "doom-emacs",
        "type": "github"
      }
    },
    "doom-snippets": {
      "flake": false,
      "locked": {
        "lastModified": 1646222996,
        "narHash": "sha256-YhOnoNSpmcKNJg+aS/829zqXStMkKWXWf1pulHEBcpQ=",
        "owner": "hlissner",
        "repo": "doom-snippets",
        "rev": "f61c23ece1ad47c0522059ac45085fd283ce4452",
        "type": "github"
      },
      "original": {
        "owner": "hlissner",
        "repo": "doom-snippets",
        "type": "github"
      }
    },
    "emacs-overlay": {
      "flake": false,
      "locked": {
        "lastModified": 1650278072,
        "narHash": "sha256-uKnIAWPODL1Bj6No0wEzR9yNNAlfy0S0ptyxKtxTE48=",
        "owner": "nix-community",
        "repo": "emacs-overlay",
        "rev": "1d1478b3b1f1ac68924705a77bcdc655925cf408",
        "type": "github"
      },
      "original": {
        "owner": "nix-community",
        "repo": "emacs-overlay",
        "type": "github"
      }
    },
    "emacs-so-long": {
      "flake": false,
      "locked": {
        "lastModified": 1575031854,
        "narHash": "sha256-xIa5zO0ZaToDrec1OFjBK6l39AbA4l/CE4LInVu2hi0=",
        "owner": "hlissner",
        "repo": "emacs-so-long",
        "rev": "ed666b0716f60e8988c455804de24b55919e71ca",
        "type": "github"
      },
      "original": {
        "owner": "hlissner",
        "repo": "emacs-so-long",
        "type": "github"
      }
    },
    "evil-markdown": {
      "flake": false,
      "locked": {
        "lastModified": 1626852210,
        "narHash": "sha256-HBBuZ1VWIn6kwK5CtGIvHM1+9eiNiKPH0GUsyvpUVN8=",
        "owner": "Somelauw",
        "repo": "evil-markdown",
        "rev": "8e6cc68af83914b2fa9fd3a3b8472573dbcef477",
        "type": "github"
      },
      "original": {
        "owner": "Somelauw",
        "repo": "evil-markdown",
        "type": "github"
      }
    },
    "evil-org-mode": {
      "flake": false,
      "locked": {
        "lastModified": 1607203864,
        "narHash": "sha256-JxwqVYDN6OIJEH15MVI6XOZAPtUWUhJQWHyzcrUvrFg=",
        "owner": "hlissner",
        "repo": "evil-org-mode",
        "rev": "a9706da260c45b98601bcd72b1d2c0a24a017700",
        "type": "github"
      },
      "original": {
        "owner": "hlissner",
        "repo": "evil-org-mode",
        "type": "github"
      }
    },
    "evil-quick-diff": {
      "flake": false,
      "locked": {
        "lastModified": 1575189609,
        "narHash": "sha256-oGzl1ayW9rIuq0haoiFS7RZsS8NFMdEA7K1BSozgnJU=",
        "owner": "rgrinberg",
        "repo": "evil-quick-diff",
        "rev": "69c883720b30a892c63bc89f49d4f0e8b8028908",
        "type": "github"
      },
      "original": {
        "owner": "rgrinberg",
        "repo": "evil-quick-diff",
        "type": "github"
      }
    },
    "explain-pause-mode": {
      "flake": false,
      "locked": {
        "lastModified": 1595842060,
        "narHash": "sha256-++znrjiDSx+cy4okFBBXUBkRFdtnE2x+trkmqjB3Njs=",
        "owner": "lastquestion",
        "repo": "explain-pause-mode",
        "rev": "2356c8c3639cbeeb9751744dbe737267849b4b51",
        "type": "github"
      },
      "original": {
        "owner": "lastquestion",
        "repo": "explain-pause-mode",
        "type": "github"
      }
    },
    "flake-compat": {
      "flake": false,
      "locked": {
        "lastModified": 1627913399,
        "narHash": "sha256-hY8g6H2KFL8ownSiFeMOjwPC8P0ueXpCVEbxgda3pko=",
        "owner": "edolstra",
        "repo": "flake-compat",
        "rev": "12c64ca55c1014cdc1b16ed5a804aa8576601ff2",
        "type": "github"
      },
      "original": {
        "owner": "edolstra",
        "repo": "flake-compat",
        "type": "github"
      }
    },
    "flake-compat_2": {
      "flake": false,
      "locked": {
        "lastModified": 1648199409,
        "narHash": "sha256-JwPKdC2PoVBkG6E+eWw3j6BMR6sL3COpYWfif7RVb8Y=",
        "owner": "edolstra",
        "repo": "flake-compat",
        "rev": "64a525ee38886ab9028e6f61790de0832aa3ef03",
        "type": "github"
      },
      "original": {
        "owner": "edolstra",
        "repo": "flake-compat",
        "type": "github"
      }
    },
    "flake-utils": {
      "locked": {
        "lastModified": 1638122382,
        "narHash": "sha256-sQzZzAbvKEqN9s0bzWuYmRaA03v40gaJ4+iL1LXjaeI=",
        "owner": "numtide",
        "repo": "flake-utils",
        "rev": "74f7e4319258e287b0f9cb95426c9853b282730b",
        "type": "github"
      },
      "original": {
        "owner": "numtide",
        "repo": "flake-utils",
        "type": "github"
      }
    },
    "flake-utils-plus": {
      "inputs": {
        "flake-utils": [
          "digga",
          "flake-utils"
        ]
      },
      "locked": {
        "lastModified": 1638994888,
        "narHash": "sha256-iz/ynGNZlvqKCOnFrEKqGA+BVKGQMG+g2JT+e3OOLN8=",
        "owner": "divnix",
        "repo": "flake-utils-plus",
        "rev": "b4f9f517574cb7bd6ee3f19c72c19634c9f536e1",
        "type": "github"
      },
      "original": {
        "owner": "divnix",
        "repo": "flake-utils-plus",
        "type": "github"
      }
    },
    "format-all": {
      "flake": false,
      "locked": {
        "lastModified": 1581716637,
        "narHash": "sha256-ul7LCe60W8TIvUmUtZtZRo8489TK9iTPDsLHmzxY57M=",
        "owner": "lassik",
        "repo": "emacs-format-all-the-code",
        "rev": "47d862d40a088ca089c92cd393c6dca4628f87d3",
        "type": "github"
      },
      "original": {
        "owner": "lassik",
        "repo": "emacs-format-all-the-code",
        "rev": "47d862d40a088ca089c92cd393c6dca4628f87d3",
        "type": "github"
      }
    },
    "gurk-source": {
      "flake": false,
      "locked": {
        "lastModified": 1644531420,
        "narHash": "sha256-XgPToGbtKzvhAxN0vQiV9wO8MrJmO3Wg4eUYHgaLWLg=",
        "owner": "boxdot",
        "repo": "gurk-rs",
        "rev": "f89dbf69d26847c6c91b27a9e75b2381fb2b18c6",
        "type": "github"
      },
      "original": {
        "owner": "boxdot",
        "repo": "gurk-rs",
        "type": "github"
      }
    },
    "home-manager": {
      "inputs": {
        "nixpkgs": [
          "nixpkgs"
        ]
      },
      "locked": {
        "lastModified": 1650190514,
        "narHash": "sha256-BoBvGT71yOfrNDTZQs7+FX0zb4yjMBETgIjtTsdJw+o=",
        "owner": "nix-community",
        "repo": "home-manager",
        "rev": "620ed197f3624dafa5f42e61d5c043f39b8df366",
        "type": "github"
      },
      "original": {
        "owner": "nix-community",
        "repo": "home-manager",
        "type": "github"
      }
    },
    "impermanence": {
      "locked": {
        "lastModified": 1637278200,
        "narHash": "sha256-nwPBJpjHU8J0hhZ6l4Ytvi3qhcxXJVy4jOWurmzSv3A=",
        "owner": "nix-community",
        "repo": "impermanence",
        "rev": "0616c64b0ebcf08cc74db7820e74b807274246f6",
        "type": "github"
      },
      "original": {
        "owner": "nix-community",
        "repo": "impermanence",
        "type": "github"
      }
    },
    "latest": {
      "locked": {
        "lastModified": 1638198142,
        "narHash": "sha256-plU9b8r4St6q4U7VHtG9V7oF8k9fIpfXl/KDaZLuY9k=",
        "owner": "nixos",
        "repo": "nixpkgs",
        "rev": "8a308775674e178495767df90c419425474582a1",
        "type": "github"
      },
      "original": {
        "owner": "nixos",
        "ref": "nixos-unstable",
        "repo": "nixpkgs",
        "type": "github"
      }
    },
    "libsailfishapp-source": {
      "flake": false,
      "locked": {
        "lastModified": 1635506244,
        "narHash": "sha256-l8t0GAg6JyCXo70q3LZu9ERnCjCj0jDnghrGQVElGHQ=",
        "owner": "sailfishos",
        "repo": "libsailfishapp",
        "rev": "6336261392cbd55bdca41ee1c3f7ba424ce6a01f",
        "type": "github"
      },
      "original": {
        "owner": "sailfishos",
        "ref": "1.2.13",
        "repo": "libsailfishapp",
        "type": "github"
      }
    },
    "mapplauncherd-qt-source": {
      "flake": false,
      "locked": {
        "lastModified": 1428425750,
        "narHash": "sha256-94PUnmwqbq8KjMQRyuo+6Y172xvpK+8HO0x+tE8hX/g=",
        "owner": "sailfishos",
        "repo": "mapplauncherd-qt",
        "rev": "8c2d34f64c7e21bcf394e937e71361da51e6077c",
        "type": "github"
      },
      "original": {
        "owner": "sailfishos",
        "repo": "mapplauncherd-qt",
        "type": "github"
      }
    },
    "mlite-source": {
      "flake": false,
      "locked": {
        "lastModified": 1639133297,
        "narHash": "sha256-xQeP8VvnLlQa8rVrea+m/EpP6PkExjIb8gZwl4I8Btk=",
        "owner": "sailfishos",
        "repo": "mlite",
        "rev": "e3e9ccac8a94fd4bef55915b0dc844001bc02ff7",
        "type": "github"
      },
      "original": {
        "owner": "sailfishos",
        "ref": "0.4.0",
        "repo": "mlite",
        "type": "github"
      }
    },
    "naersk": {
      "inputs": {
        "nixpkgs": [
          "whisperfish-nix",
          "nixpkgs"
        ]
      },
      "locked": {
        "lastModified": 1646504221,
        "narHash": "sha256-OnSbdeni1SFPb7BCZQbAVCRJ/B2HZXB110gPXd5PzvQ=",
        "owner": "avnik",
        "repo": "naersk",
        "rev": "735cda3522f4427b6dfe12d2f36f4bc99e9ba25f",
        "type": "github"
      },
      "original": {
        "owner": "avnik",
        "ref": "able-to-build-whisperfish",
        "repo": "naersk",
        "type": "github"
      }
    },
    "nix-direnv": {
      "flake": false,
      "locked": {
        "lastModified": 1637564511,
        "narHash": "sha256-9/fhv4yT1fah/SHuXq7jnQQ+QyQWjuTERgDNpKWtQxU=",
        "owner": "nix-community",
        "repo": "nix-direnv",
        "rev": "69bec056fb036ff526184a995f07ee7b3f0abf0b",
        "type": "github"
      },
      "original": {
        "owner": "nix-community",
        "repo": "nix-direnv",
        "type": "github"
      }
    },
    "nix-doom-emacs": {
      "inputs": {
        "doom-emacs": [
          "doom-emacs"
        ],
        "doom-snippets": "doom-snippets",
        "emacs-overlay": [
          "emacs-overlay"
        ],
        "emacs-so-long": "emacs-so-long",
        "evil-markdown": "evil-markdown",
        "evil-org-mode": "evil-org-mode",
        "evil-quick-diff": "evil-quick-diff",
        "explain-pause-mode": "explain-pause-mode",
        "flake-utils": [
          "flake-utils"
        ],
        "format-all": "format-all",
        "nix-straight": "nix-straight",
        "nixpkgs": [
          "nixpkgs"
        ],
        "nose": "nose",
        "ob-racket": "ob-racket",
        "org": "org",
        "org-contrib": "org-contrib",
        "org-yt": "org-yt",
        "php-extras": "php-extras",
        "revealjs": "revealjs",
        "rotate-text": "rotate-text"
      },
      "locked": {
        "lastModified": 1649986019,
        "narHash": "sha256-h9GklVWQlxkpavw44mOwAmo6bSdwrdI5pJOApstFdik=",
        "owner": "nix-community",
        "repo": "nix-doom-emacs",
        "rev": "f1ca1906a5f0ff319cb08d9ab478cf377e327c92",
        "type": "github"
      },
      "original": {
        "owner": "nix-community",
        "ref": "master",
        "repo": "nix-doom-emacs",
        "type": "github"
      }
    },
    "nix-straight": {
      "flake": false,
      "locked": {
        "lastModified": 1643475817,
        "narHash": "sha256-NpExq5nbPbj/ppkBX3SnETEJuOne1MKJxen8vVHsDFg=",
        "owner": "nix-community",
        "repo": "nix-straight.el",
        "rev": "08d75e5651cb52f8a07e03408ed19e04bee07505",
        "type": "github"
      },
      "original": {
        "owner": "nix-community",
        "repo": "nix-straight.el",
        "type": "github"
      }
    },
    "nixos-generators": {
      "inputs": {
        "nixlib": [
          "digga",
          "nixlib"
        ],
        "nixpkgs": [
          "digga",
          "blank"
        ]
      },
      "locked": {
        "lastModified": 1637655461,
        "narHash": "sha256-kXZPbclN3gKwjhp2/RYFDFpAsSBwzX1iLF4EcnHZsPQ=",
        "owner": "nix-community",
        "repo": "nixos-generators",
        "rev": "05a3eb158a9c7746a5d463726d7f7cccf07500e4",
        "type": "github"
      },
      "original": {
        "owner": "nix-community",
        "repo": "nixos-generators",
        "type": "github"
      }
    },
    "nixpkgs": {
      "locked": {
        "lastModified": 1650212555,
        "narHash": "sha256-5Awpqag2xY6buqhnFWnQyVLUtEHRaxwukfuFL61WPHM=",
        "type": "git",
        "url": "file:///home/avn/nixos/nixpkgs"
      },
      "original": {
        "type": "git",
        "url": "file:///home/avn/nixos/nixpkgs"
      }
    },
    "nixpkgs-stable": {
      "locked": {
        "lastModified": 1645214395,
        "narHash": "sha256-L1M+VtGoXvtzIoXXDc44n5p+2DSSF2JXk1UByi+qHss=",
        "owner": "NixOS",
        "repo": "nixpkgs",
        "rev": "781558ee08c160182d96040d7bc9aaa1e23eb1a7",
        "type": "github"
      },
      "original": {
        "owner": "NixOS",
        "ref": "release-21.11",
        "repo": "nixpkgs",
        "type": "github"
      }
    },
    "nixpkgs-wayland": {
      "inputs": {
        "cachix": "cachix",
        "flake-compat": "flake-compat_2",
        "nixpkgs": [
          "nixpkgs"
        ]
      },
      "locked": {
        "lastModified": 1649647255,
        "narHash": "sha256-NWtBU76qIBCZQAEPZdIYQ5JgvegjLS4E4ivk/3KA0pQ=",
        "owner": "colemickens",
        "repo": "nixpkgs-wayland",
        "rev": "89ad90a56acb3054d395e34d39b7ae7595ee2a60",
        "type": "github"
      },
      "original": {
        "owner": "colemickens",
        "repo": "nixpkgs-wayland",
        "type": "github"
      }
    },
    "nose": {
      "flake": false,
      "locked": {
        "lastModified": 1400604510,
        "narHash": "sha256-daEi8Kta1oGaDEmUUDDQMahTTPOpvNpDKk22rlr7cB0=",
        "owner": "emacsattic",
        "repo": "nose",
        "rev": "f8528297519eba911696c4e68fa88892de9a7b72",
        "type": "github"
      },
      "original": {
        "owner": "emacsattic",
        "repo": "nose",
        "type": "github"
      }
    },
    "ob-racket": {
      "flake": false,
      "locked": {
        "lastModified": 1584656173,
        "narHash": "sha256-rBUYDDCXb+3D4xTPQo9UocbTPZ32kWV1Uya/1DmZknU=",
        "owner": "xchrishawk",
        "repo": "ob-racket",
        "rev": "83457ec9e1e96a29fd2086ed19432b9d75787673",
        "type": "github"
      },
      "original": {
        "owner": "xchrishawk",
        "repo": "ob-racket",
        "type": "github"
      }
    },
    "org": {
      "flake": false,
      "locked": {
        "lastModified": 1649335886,
        "narHash": "sha256-zLSxib7sMmhojF52BmrxHMSf0v4gbCeBTenGMV8h6qM=",
        "owner": "emacs-straight",
        "repo": "org-mode",
        "rev": "f6813dbea9ef0c6be19bf68b4d9227ceb64c9449",
        "type": "github"
      },
      "original": {
        "owner": "emacs-straight",
        "repo": "org-mode",
        "type": "github"
      }
    },
    "org-contrib": {
      "flake": false,
      "locked": {
        "lastModified": 1639727892,
        "narHash": "sha256-+T6Y87aSAx7kMpigm8d1ODDQIyPBM6a+4qGolXjCEXs=",
        "ref": "master",
        "rev": "5766ff1088191e4df5fecd55007ba4271e609bcc",
        "revCount": 2611,
        "type": "git",
        "url": "https://git.sr.ht/~bzg/org-contrib"
      },
      "original": {
        "type": "git",
        "url": "https://git.sr.ht/~bzg/org-contrib"
      }
    },
    "org-yt": {
      "flake": false,
      "locked": {
        "lastModified": 1527381913,
        "narHash": "sha256-dzQ6B7ryzatHCTLyEnRSbWO0VUiX/FHYnpHTs74aVUs=",
        "owner": "TobiasZawada",
        "repo": "org-yt",
        "rev": "40cc1ac76d741055cbefa13860d9f070a7ade001",
        "type": "github"
      },
      "original": {
        "owner": "TobiasZawada",
        "repo": "org-yt",
        "type": "github"
      }
    },
    "php-extras": {
      "flake": false,
      "locked": {
        "lastModified": 1573312690,
        "narHash": "sha256-r4WyVbzvT0ra4Z6JywNBOw5RxOEYd6Qe2IpebHXkj1U=",
        "owner": "arnested",
        "repo": "php-extras",
        "rev": "d410c5af663c30c01d461ac476d1cbfbacb49367",
        "type": "github"
      },
      "original": {
        "owner": "arnested",
        "repo": "php-extras",
        "type": "github"
      }
    },
    "revealjs": {
      "flake": false,
      "locked": {
        "lastModified": 1649243708,
        "narHash": "sha256-yBCBpnUTJG6EphpRzID61vVlwqrm5iuKDVQjkAQZTkQ=",
        "owner": "hakimel",
        "repo": "reveal.js",
        "rev": "9415ad5d7f329ccd8fbc82627789396a57fdbb3d",
        "type": "github"
      },
      "original": {
        "owner": "hakimel",
        "repo": "reveal.js",
        "type": "github"
      }
    },
    "root": {
      "inputs": {
        "deploy-rs": "deploy-rs",
        "digga": "digga",
        "doom-emacs": "doom-emacs",
        "emacs-overlay": "emacs-overlay",
        "flake-utils": "flake-utils",
        "home-manager": "home-manager",
        "impermanence": "impermanence",
        "nix-direnv": "nix-direnv",
        "nix-doom-emacs": "nix-doom-emacs",
        "nixpkgs": "nixpkgs",
        "nixpkgs-stable": "nixpkgs-stable",
        "nixpkgs-wayland": "nixpkgs-wayland",
        "secrets": "secrets",
        "sops-nix": "sops-nix",
        "whisperfish-nix": "whisperfish-nix"
      }
    },
    "rotate-text": {
      "flake": false,
      "locked": {
        "lastModified": 1322962747,
        "narHash": "sha256-SOeOgSlcEIsKhUiYDJv0p+mLUb420s9E2BmvZQvZ0wk=",
        "owner": "debug-ito",
        "repo": "rotate-text.el",
        "rev": "48f193697db996855aee1ad2bc99b38c6646fe76",
        "type": "github"
      },
      "original": {
        "owner": "debug-ito",
        "repo": "rotate-text.el",
        "type": "github"
      }
    },
    "secrets": {
      "inputs": {
        "digga": [
          "digga"
        ],
        "home": [
          "home-manager"
        ],
        "nixpkgs": [
          "nixpkgs"
        ]
      },
      "locked": {
        "narHash": "sha256-0HpFzTX8y4jZc9f6v9Qb173wWbiKDNwKbgPTfYUwV2k=",
        "path": "/home/avn/nixos/secrets",
        "type": "path"
      },
      "original": {
        "path": "/home/avn/nixos/secrets",
        "type": "path"
      }
    },
    "sops-nix": {
      "inputs": {
        "nixpkgs": [
          "nixpkgs"
        ]
      },
      "locked": {
        "lastModified": 1638188662,
        "narHash": "sha256-heLEbhH3W3GrtYDwacghCiO3g94QkJLW0LhErMWbT2g=",
        "owner": "Mic92",
        "repo": "sops-nix",
        "rev": "0e0dcc74bae23c7ef7fb6251c43c277b827e8c34",
        "type": "github"
      },
      "original": {
        "owner": "Mic92",
        "repo": "sops-nix",
        "type": "github"
      }
    },
    "whisperfish-nix": {
      "inputs": {
        "flake-utils": [
          "flake-utils"
        ],
        "gurk-source": "gurk-source",
        "libsailfishapp-source": "libsailfishapp-source",
        "mapplauncherd-qt-source": "mapplauncherd-qt-source",
        "mlite-source": "mlite-source",
        "naersk": "naersk",
        "nixpkgs": [
          "nixpkgs"
        ],
        "whisperfish-source": "whisperfish-source"
      },
      "locked": {
        "narHash": "sha256-nCm+Us1wuo1HBzs7UKQ/Iq2NL1OVyhpenCB8AQLk66U=",
        "path": "/home/avn/nixos/whisperfish-nix",
        "type": "path"
      },
      "original": {
        "path": "/home/avn/nixos/whisperfish-nix",
        "type": "path"
      }
    },
    "whisperfish-source": {
      "flake": false,
      "locked": {
        "lastModified": 1646480180,
        "narHash": "sha256-CSyQgcSvOrwshZpi9vzHmMgNixUbBKWpE8hOwAmDMyQ=",
        "ref": "master",
        "rev": "36024353a9ddd01b3b2ec4ebca936a0cccbdd9e1",
        "revCount": 2171,
        "type": "git",
        "url": "ssh://git@gitlab.com/whisperfish/whisperfish.git"
      },
      "original": {
        "type": "git",
        "url": "ssh://git@gitlab.com/whisperfish/whisperfish.git"
      }
    }
  },
  "root": "root",
  "version": 7
}
